
Microsoft Visual Studio Solution File, Format Version 12.00
# Visual Studio Version 17
VisualStudioVersion = 17.0.31903.59
MinimumVisualStudioVersion = 10.0.40219.1
Project("{2150E333-8FDC-42A3-9474-1A3956D46DE8}") = "src", "src", "{827E0CD3-B72D-47B6-A68D-7590B98EB39B}"
EndProject
Project("{FAE04EC0-301F-11D3-BF4B-00C04F79EFBC}") = "AdvancedMemory.Core", "src\AdvancedMemory.Core\AdvancedMemory.Core.csproj", "{564798FB-4B76-4658-8126-6D763DE58D0B}"
EndProject
Project("{FAE04EC0-301F-11D3-BF4B-00C04F79EFBC}") = "AdvancedMemory.GraphRAG", "src\AdvancedMemory.GraphRAG\AdvancedMemory.GraphRAG.csproj", "{FCC2B194-5265-47A9-8E7D-05135A405577}"
EndProject
Project("{FAE04EC0-301F-11D3-BF4B-00C04F79EFBC}") = "AdvancedMemory.Mem0", "src\AdvancedMemory.Mem0\AdvancedMemory.Mem0.csproj", "{5ABD328C-3E3F-417E-BC6F-127F0ECFF11F}"
EndProject
Project("{FAE04EC0-301F-11D3-BF4B-00C04F79EFBC}") = "AdvancedMemory.MCP", "src\AdvancedMemory.MCP\AdvancedMemory.MCP.csproj", "{3E78C7C4-1AAB-48B5-8D3F-FDFAE7A0C963}"
EndProject
Project("{FAE04EC0-301F-11D3-BF4B-00C04F79EFBC}") = "AdvancedMemory.Verification", "src\AdvancedMemory.Verification\AdvancedMemory.Verification.csproj", "{62761934-1F8A-4B3C-8C3F-CEE4615DE2AF}"
EndProject
Project("{FAE04EC0-301F-11D3-BF4B-00C04F79EFBC}") = "AdvancedMemory.API", "src\AdvancedMemory.API\AdvancedMemory.API.csproj", "{CC757425-D020-4C7A-8AE3-8E3517842DBF}"
EndProject
Project("{FAE04EC0-301F-11D3-BF4B-00C04F79EFBC}") = "AdvancedMemory.Frontend", "src\AdvancedMemory.Frontend\AdvancedMemory.Frontend.csproj", "{C91FBD82-0809-402A-939B-E0FBB85B4BBB}"
EndProject
Project("{2150E333-8FDC-42A3-9474-1A3956D46DE8}") = "tests", "tests", "{0AB3BF05-4346-4AA6-1389-037BE0695223}"
EndProject
Project("{FAE04EC0-301F-11D3-BF4B-00C04F79EFBC}") = "AdvancedMemory.Core.Tests", "tests\AdvancedMemory.Core.Tests\AdvancedMemory.Core.Tests.csproj", "{7EAD48A5-C624-45A0-A84B-81684A98CD0C}"
EndProject
Project("{FAE04EC0-301F-11D3-BF4B-00C04F79EFBC}") = "AdvancedMemory.GraphRAG.Tests", "tests\AdvancedMemory.GraphRAG.Tests\AdvancedMemory.GraphRAG.Tests.csproj", "{3A72DA8E-C45F-4383-A329-D41AE979D223}"
EndProject
Project("{FAE04EC0-301F-11D3-BF4B-00C04F79EFBC}") = "AdvancedMemory.MCP.Tests", "tests\AdvancedMemory.MCP.Tests\AdvancedMemory.MCP.Tests.csproj", "{F6AE695E-8AE5-4297-9CE1-21209F5ED81C}"
EndProject
Project("{FAE04EC0-301F-11D3-BF4B-00C04F79EFBC}") = "AdvancedMemory.Integration.Tests", "tests\AdvancedMemory.Integration.Tests\AdvancedMemory.Integration.Tests.csproj", "{264FAAE7-4113-4DD8-B84D-4B35C54EA4DF}"
EndProject
Global
	GlobalSection(SolutionConfigurationPlatforms) = preSolution
		Debug|Any CPU = Debug|Any CPU
		Debug|x64 = Debug|x64
		Debug|x86 = Debug|x86
		Release|Any CPU = Release|Any CPU
		Release|x64 = Release|x64
		Release|x86 = Release|x86
	EndGlobalSection
	GlobalSection(ProjectConfigurationPlatforms) = postSolution
		{564798FB-4B76-4658-8126-6D763DE58D0B}.Debug|Any CPU.ActiveCfg = Debug|Any CPU
		{564798FB-4B76-4658-8126-6D763DE58D0B}.Debug|Any CPU.Build.0 = Debug|Any CPU
		{564798FB-4B76-4658-8126-6D763DE58D0B}.Debug|x64.ActiveCfg = Debug|Any CPU
		{564798FB-4B76-4658-8126-6D763DE58D0B}.Debug|x64.Build.0 = Debug|Any CPU
		{564798FB-4B76-4658-8126-6D763DE58D0B}.Debug|x86.ActiveCfg = Debug|Any CPU
		{564798FB-4B76-4658-8126-6D763DE58D0B}.Debug|x86.Build.0 = Debug|Any CPU
		{564798FB-4B76-4658-8126-6D763DE58D0B}.Release|Any CPU.ActiveCfg = Release|Any CPU
		{564798FB-4B76-4658-8126-6D763DE58D0B}.Release|Any CPU.Build.0 = Release|Any CPU
		{564798FB-4B76-4658-8126-6D763DE58D0B}.Release|x64.ActiveCfg = Release|Any CPU
		{564798FB-4B76-4658-8126-6D763DE58D0B}.Release|x64.Build.0 = Release|Any CPU
		{564798FB-4B76-4658-8126-6D763DE58D0B}.Release|x86.ActiveCfg = Release|Any CPU
		{564798FB-4B76-4658-8126-6D763DE58D0B}.Release|x86.Build.0 = Release|Any CPU
		{FCC2B194-5265-47A9-8E7D-05135A405577}.Debug|Any CPU.ActiveCfg = Debug|Any CPU
		{FCC2B194-5265-47A9-8E7D-05135A405577}.Debug|Any CPU.Build.0 = Debug|Any CPU
		{FCC2B194-5265-47A9-8E7D-05135A405577}.Debug|x64.ActiveCfg = Debug|Any CPU
		{FCC2B194-5265-47A9-8E7D-05135A405577}.Debug|x64.Build.0 = Debug|Any CPU
		{FCC2B194-5265-47A9-8E7D-05135A405577}.Debug|x86.ActiveCfg = Debug|Any CPU
		{FCC2B194-5265-47A9-8E7D-05135A405577}.Debug|x86.Build.0 = Debug|Any CPU
		{FCC2B194-5265-47A9-8E7D-05135A405577}.Release|Any CPU.ActiveCfg = Release|Any CPU
		{FCC2B194-5265-47A9-8E7D-05135A405577}.Release|Any CPU.Build.0 = Release|Any CPU
		{FCC2B194-5265-47A9-8E7D-05135A405577}.Release|x64.ActiveCfg = Release|Any CPU
		{FCC2B194-5265-47A9-8E7D-05135A405577}.Release|x64.Build.0 = Release|Any CPU
		{FCC2B194-5265-47A9-8E7D-05135A405577}.Release|x86.ActiveCfg = Release|Any CPU
		{FCC2B194-5265-47A9-8E7D-05135A405577}.Release|x86.Build.0 = Release|Any CPU
		{5ABD328C-3E3F-417E-BC6F-127F0ECFF11F}.Debug|Any CPU.ActiveCfg = Debug|Any CPU
		{5ABD328C-3E3F-417E-BC6F-127F0ECFF11F}.Debug|Any CPU.Build.0 = Debug|Any CPU
		{5ABD328C-3E3F-417E-BC6F-127F0ECFF11F}.Debug|x64.ActiveCfg = Debug|Any CPU
		{5ABD328C-3E3F-417E-BC6F-127F0ECFF11F}.Debug|x64.Build.0 = Debug|Any CPU
		{5ABD328C-3E3F-417E-BC6F-127F0ECFF11F}.Debug|x86.ActiveCfg = Debug|Any CPU
		{5ABD328C-3E3F-417E-BC6F-127F0ECFF11F}.Debug|x86.Build.0 = Debug|Any CPU
		{5ABD328C-3E3F-417E-BC6F-127F0ECFF11F}.Release|Any CPU.ActiveCfg = Release|Any CPU
		{5ABD328C-3E3F-417E-BC6F-127F0ECFF11F}.Release|Any CPU.Build.0 = Release|Any CPU
		{5ABD328C-3E3F-417E-BC6F-127F0ECFF11F}.Release|x64.ActiveCfg = Release|Any CPU
		{5ABD328C-3E3F-417E-BC6F-127F0ECFF11F}.Release|x64.Build.0 = Release|Any CPU
		{5ABD328C-3E3F-417E-BC6F-127F0ECFF11F}.Release|x86.ActiveCfg = Release|Any CPU
		{5ABD328C-3E3F-417E-BC6F-127F0ECFF11F}.Release|x86.Build.0 = Release|Any CPU
		{3E78C7C4-1AAB-48B5-8D3F-FDFAE7A0C963}.Debug|Any CPU.ActiveCfg = Debug|Any CPU
		{3E78C7C4-1AAB-48B5-8D3F-FDFAE7A0C963}.Debug|Any CPU.Build.0 = Debug|Any CPU
		{3E78C7C4-1AAB-48B5-8D3F-FDFAE7A0C963}.Debug|x64.ActiveCfg = Debug|Any CPU
		{3E78C7C4-1AAB-48B5-8D3F-FDFAE7A0C963}.Debug|x64.Build.0 = Debug|Any CPU
		{3E78C7C4-1AAB-48B5-8D3F-FDFAE7A0C963}.Debug|x86.ActiveCfg = Debug|Any CPU
		{3E78C7C4-1AAB-48B5-8D3F-FDFAE7A0C963}.Debug|x86.Build.0 = Debug|Any CPU
		{3E78C7C4-1AAB-48B5-8D3F-FDFAE7A0C963}.Release|Any CPU.ActiveCfg = Release|Any CPU
		{3E78C7C4-1AAB-48B5-8D3F-FDFAE7A0C963}.Release|Any CPU.Build.0 = Release|Any CPU
		{3E78C7C4-1AAB-48B5-8D3F-FDFAE7A0C963}.Release|x64.ActiveCfg = Release|Any CPU
		{3E78C7C4-1AAB-48B5-8D3F-FDFAE7A0C963}.Release|x64.Build.0 = Release|Any CPU
		{3E78C7C4-1AAB-48B5-8D3F-FDFAE7A0C963}.Release|x86.ActiveCfg = Release|Any CPU
		{3E78C7C4-1AAB-48B5-8D3F-FDFAE7A0C963}.Release|x86.Build.0 = Release|Any CPU
		{62761934-1F8A-4B3C-8C3F-CEE4615DE2AF}.Debug|Any CPU.ActiveCfg = Debug|Any CPU
		{62761934-1F8A-4B3C-8C3F-CEE4615DE2AF}.Debug|Any CPU.Build.0 = Debug|Any CPU
		{62761934-1F8A-4B3C-8C3F-CEE4615DE2AF}.Debug|x64.ActiveCfg = Debug|Any CPU
		{62761934-1F8A-4B3C-8C3F-CEE4615DE2AF}.Debug|x64.Build.0 = Debug|Any CPU
		{62761934-1F8A-4B3C-8C3F-CEE4615DE2AF}.Debug|x86.ActiveCfg = Debug|Any CPU
		{62761934-1F8A-4B3C-8C3F-CEE4615DE2AF}.Debug|x86.Build.0 = Debug|Any CPU
		{62761934-1F8A-4B3C-8C3F-CEE4615DE2AF}.Release|Any CPU.ActiveCfg = Release|Any CPU
		{62761934-1F8A-4B3C-8C3F-CEE4615DE2AF}.Release|Any CPU.Build.0 = Release|Any CPU
		{62761934-1F8A-4B3C-8C3F-CEE4615DE2AF}.Release|x64.ActiveCfg = Release|Any CPU
		{62761934-1F8A-4B3C-8C3F-CEE4615DE2AF}.Release|x64.Build.0 = Release|Any CPU
		{62761934-1F8A-4B3C-8C3F-CEE4615DE2AF}.Release|x86.ActiveCfg = Release|Any CPU
		{62761934-1F8A-4B3C-8C3F-CEE4615DE2AF}.Release|x86.Build.0 = Release|Any CPU
		{CC757425-D020-4C7A-8AE3-8E3517842DBF}.Debug|Any CPU.ActiveCfg = Debug|Any CPU
		{CC757425-D020-4C7A-8AE3-8E3517842DBF}.Debug|Any CPU.Build.0 = Debug|Any CPU
		{CC757425-D020-4C7A-8AE3-8E3517842DBF}.Debug|x64.ActiveCfg = Debug|Any CPU
		{CC757425-D020-4C7A-8AE3-8E3517842DBF}.Debug|x64.Build.0 = Debug|Any CPU
		{CC757425-D020-4C7A-8AE3-8E3517842DBF}.Debug|x86.ActiveCfg = Debug|Any CPU
		{CC757425-D020-4C7A-8AE3-8E3517842DBF}.Debug|x86.Build.0 = Debug|Any CPU
		{CC757425-D020-4C7A-8AE3-8E3517842DBF}.Release|Any CPU.ActiveCfg = Release|Any CPU
		{CC757425-D020-4C7A-8AE3-8E3517842DBF}.Release|Any CPU.Build.0 = Release|Any CPU
		{CC757425-D020-4C7A-8AE3-8E3517842DBF}.Release|x64.ActiveCfg = Release|Any CPU
		{CC757425-D020-4C7A-8AE3-8E3517842DBF}.Release|x64.Build.0 = Release|Any CPU
		{CC757425-D020-4C7A-8AE3-8E3517842DBF}.Release|x86.ActiveCfg = Release|Any CPU
		{CC757425-D020-4C7A-8AE3-8E3517842DBF}.Release|x86.Build.0 = Release|Any CPU
		{C91FBD82-0809-402A-939B-E0FBB85B4BBB}.Debug|Any CPU.ActiveCfg = Debug|Any CPU
		{C91FBD82-0809-402A-939B-E0FBB85B4BBB}.Debug|Any CPU.Build.0 = Debug|Any CPU
		{C91FBD82-0809-402A-939B-E0FBB85B4BBB}.Debug|x64.ActiveCfg = Debug|Any CPU
		{C91FBD82-0809-402A-939B-E0FBB85B4BBB}.Debug|x64.Build.0 = Debug|Any CPU
		{C91FBD82-0809-402A-939B-E0FBB85B4BBB}.Debug|x86.ActiveCfg = Debug|Any CPU
		{C91FBD82-0809-402A-939B-E0FBB85B4BBB}.Debug|x86.Build.0 = Debug|Any CPU
		{C91FBD82-0809-402A-939B-E0FBB85B4BBB}.Release|Any CPU.ActiveCfg = Release|Any CPU
		{C91FBD82-0809-402A-939B-E0FBB85B4BBB}.Release|Any CPU.Build.0 = Release|Any CPU
		{C91FBD82-0809-402A-939B-E0FBB85B4BBB}.Release|x64.ActiveCfg = Release|Any CPU
		{C91FBD82-0809-402A-939B-E0FBB85B4BBB}.Release|x64.Build.0 = Release|Any CPU
		{C91FBD82-0809-402A-939B-E0FBB85B4BBB}.Release|x86.ActiveCfg = Release|Any CPU
		{C91FBD82-0809-402A-939B-E0FBB85B4BBB}.Release|x86.Build.0 = Release|Any CPU
		{7EAD48A5-C624-45A0-A84B-81684A98CD0C}.Debug|Any CPU.ActiveCfg = Debug|Any CPU
		{7EAD48A5-C624-45A0-A84B-81684A98CD0C}.Debug|Any CPU.Build.0 = Debug|Any CPU
		{7EAD48A5-C624-45A0-A84B-81684A98CD0C}.Debug|x64.ActiveCfg = Debug|Any CPU
		{7EAD48A5-C624-45A0-A84B-81684A98CD0C}.Debug|x64.Build.0 = Debug|Any CPU
		{7EAD48A5-C624-45A0-A84B-81684A98CD0C}.Debug|x86.ActiveCfg = Debug|Any CPU
		{7EAD48A5-C624-45A0-A84B-81684A98CD0C}.Debug|x86.Build.0 = Debug|Any CPU
		{7EAD48A5-C624-45A0-A84B-81684A98CD0C}.Release|Any CPU.ActiveCfg = Release|Any CPU
		{7EAD48A5-C624-45A0-A84B-81684A98CD0C}.Release|Any CPU.Build.0 = Release|Any CPU
		{7EAD48A5-C624-45A0-A84B-81684A98CD0C}.Release|x64.ActiveCfg = Release|Any CPU
		{7EAD48A5-C624-45A0-A84B-81684A98CD0C}.Release|x64.Build.0 = Release|Any CPU
		{7EAD48A5-C624-45A0-A84B-81684A98CD0C}.Release|x86.ActiveCfg = Release|Any CPU
		{7EAD48A5-C624-45A0-A84B-81684A98CD0C}.Release|x86.Build.0 = Release|Any CPU
		{3A72DA8E-C45F-4383-A329-D41AE979D223}.Debug|Any CPU.ActiveCfg = Debug|Any CPU
		{3A72DA8E-C45F-4383-A329-D41AE979D223}.Debug|Any CPU.Build.0 = Debug|Any CPU
		{3A72DA8E-C45F-4383-A329-D41AE979D223}.Debug|x64.ActiveCfg = Debug|Any CPU
		{3A72DA8E-C45F-4383-A329-D41AE979D223}.Debug|x64.Build.0 = Debug|Any CPU
		{3A72DA8E-C45F-4383-A329-D41AE979D223}.Debug|x86.ActiveCfg = Debug|Any CPU
		{3A72DA8E-C45F-4383-A329-D41AE979D223}.Debug|x86.Build.0 = Debug|Any CPU
		{3A72DA8E-C45F-4383-A329-D41AE979D223}.Release|Any CPU.ActiveCfg = Release|Any CPU
		{3A72DA8E-C45F-4383-A329-D41AE979D223}.Release|Any CPU.Build.0 = Release|Any CPU
		{3A72DA8E-C45F-4383-A329-D41AE979D223}.Release|x64.ActiveCfg = Release|Any CPU
		{3A72DA8E-C45F-4383-A329-D41AE979D223}.Release|x64.Build.0 = Release|Any CPU
		{3A72DA8E-C45F-4383-A329-D41AE979D223}.Release|x86.ActiveCfg = Release|Any CPU
		{3A72DA8E-C45F-4383-A329-D41AE979D223}.Release|x86.Build.0 = Release|Any CPU
		{F6AE695E-8AE5-4297-9CE1-21209F5ED81C}.Debug|Any CPU.ActiveCfg = Debug|Any CPU
		{F6AE695E-8AE5-4297-9CE1-21209F5ED81C}.Debug|Any CPU.Build.0 = Debug|Any CPU
		{F6AE695E-8AE5-4297-9CE1-21209F5ED81C}.Debug|x64.ActiveCfg = Debug|Any CPU
		{F6AE695E-8AE5-4297-9CE1-21209F5ED81C}.Debug|x64.Build.0 = Debug|Any CPU
		{F6AE695E-8AE5-4297-9CE1-21209F5ED81C}.Debug|x86.ActiveCfg = Debug|Any CPU
		{F6AE695E-8AE5-4297-9CE1-21209F5ED81C}.Debug|x86.Build.0 = Debug|Any CPU
		{F6AE695E-8AE5-4297-9CE1-21209F5ED81C}.Release|Any CPU.ActiveCfg = Release|Any CPU
		{F6AE695E-8AE5-4297-9CE1-21209F5ED81C}.Release|Any CPU.Build.0 = Release|Any CPU
		{F6AE695E-8AE5-4297-9CE1-21209F5ED81C}.Release|x64.ActiveCfg = Release|Any CPU
		{F6AE695E-8AE5-4297-9CE1-21209F5ED81C}.Release|x64.Build.0 = Release|Any CPU
		{F6AE695E-8AE5-4297-9CE1-21209F5ED81C}.Release|x86.ActiveCfg = Release|Any CPU
		{F6AE695E-8AE5-4297-9CE1-21209F5ED81C}.Release|x86.Build.0 = Release|Any CPU
		{264FAAE7-4113-4DD8-B84D-4B35C54EA4DF}.Debug|Any CPU.ActiveCfg = Debug|Any CPU
		{264FAAE7-4113-4DD8-B84D-4B35C54EA4DF}.Debug|Any CPU.Build.0 = Debug|Any CPU
		{264FAAE7-4113-4DD8-B84D-4B35C54EA4DF}.Debug|x64.ActiveCfg = Debug|Any CPU
		{264FAAE7-4113-4DD8-B84D-4B35C54EA4DF}.Debug|x64.Build.0 = Debug|Any CPU
		{264FAAE7-4113-4DD8-B84D-4B35C54EA4DF}.Debug|x86.ActiveCfg = Debug|Any CPU
		{264FAAE7-4113-4DD8-B84D-4B35C54EA4DF}.Debug|x86.Build.0 = Debug|Any CPU
		{264FAAE7-4113-4DD8-B84D-4B35C54EA4DF}.Release|Any CPU.ActiveCfg = Release|Any CPU
		{264FAAE7-4113-4DD8-B84D-4B35C54EA4DF}.Release|Any CPU.Build.0 = Release|Any CPU
		{264FAAE7-4113-4DD8-B84D-4B35C54EA4DF}.Release|x64.ActiveCfg = Release|Any CPU
		{264FAAE7-4113-4DD8-B84D-4B35C54EA4DF}.Release|x64.Build.0 = Release|Any CPU
		{264FAAE7-4113-4DD8-B84D-4B35C54EA4DF}.Release|x86.ActiveCfg = Release|Any CPU
		{264FAAE7-4113-4DD8-B84D-4B35C54EA4DF}.Release|x86.Build.0 = Release|Any CPU
	EndGlobalSection
	GlobalSection(SolutionProperties) = preSolution
		HideSolutionNode = FALSE
	EndGlobalSection
	GlobalSection(NestedProjects) = preSolution
		{564798FB-4B76-4658-8126-6D763DE58D0B} = {827E0CD3-B72D-47B6-A68D-7590B98EB39B}
		{FCC2B194-5265-47A9-8E7D-05135A405577} = {827E0CD3-B72D-47B6-A68D-7590B98EB39B}
		{5ABD328C-3E3F-417E-BC6F-127F0ECFF11F} = {827E0CD3-B72D-47B6-A68D-7590B98EB39B}
		{3E78C7C4-1AAB-48B5-8D3F-FDFAE7A0C963} = {827E0CD3-B72D-47B6-A68D-7590B98EB39B}
		{62761934-1F8A-4B3C-8C3F-CEE4615DE2AF} = {827E0CD3-B72D-47B6-A68D-7590B98EB39B}
		{CC757425-D020-4C7A-8AE3-8E3517842DBF} = {827E0CD3-B72D-47B6-A68D-7590B98EB39B}
		{C91FBD82-0809-402A-939B-E0FBB85B4BBB} = {827E0CD3-B72D-47B6-A68D-7590B98EB39B}
		{7EAD48A5-C624-45A0-A84B-81684A98CD0C} = {0AB3BF05-4346-4AA6-1389-037BE0695223}
		{3A72DA8E-C45F-4383-A329-D41AE979D223} = {0AB3BF05-4346-4AA6-1389-037BE0695223}
		{F6AE695E-8AE5-4297-9CE1-21209F5ED81C} = {0AB3BF05-4346-4AA6-1389-037BE0695223}
		{264FAAE7-4113-4DD8-B84D-4B35C54EA4DF} = {0AB3BF05-4346-4AA6-1389-037BE0695223}
	EndGlobalSection
EndGlobal
